
Microsoft Visual Studio Solution File, Format Version 12.00
# Visual Studio Version 17
VisualStudioVersion = 17.3.32825.248
MinimumVisualStudioVersion = 10.0.40219.1
Project("{FAE04EC0-301F-11D3-BF4B-00C04F79EFBC}") = "111-1QZ2", "111-1QZ2\111-1QZ2.csproj", "{256F1A97-3203-4771-AAAE-348D945CCDBC}"
EndProject
Global
	GlobalSection(SolutionConfigurationPlatforms) = preSolution
		Debug|Any CPU = Debug|Any CPU
		Release|Any CPU = Release|Any CPU
	EndGlobalSection
	GlobalSection(ProjectConfigurationPlatforms) = postSolution
		{256F1A97-3203-4771-AAAE-348D945CCDBC}.Debug|Any CPU.ActiveCfg = Debug|Any CPU
		{256F1A97-3203-4771-AAAE-348D945CCDBC}.Debug|Any CPU.Build.0 = Debug|Any CPU
		{256F1A97-3203-4771-AAAE-348D945CCDBC}.Release|Any CPU.ActiveCfg = Release|Any CPU
		{256F1A97-3203-4771-AAAE-348D945CCDBC}.Release|Any CPU.Build.0 = Release|Any CPU
	EndGlobalSection
	GlobalSection(SolutionProperties) = preSolution
		HideSolutionNode = FALSE
	EndGlobalSection
	GlobalSection(ExtensibilityGlobals) = postSolution
		SolutionGuid = {A9C295EF-2D0B-45CB-A58A-A34B776E6805}
	EndGlobalSection
EndGlobal
